// !$*UTF8*$!
{
	archiveVersion = 1;
	classes = {
	};
	objectVersion = 50;
	objects = {

/* Begin PBXBuildFile section */
		0BCB5FD354EDFF8F0202FBB4 /* Pods_EasyDelegates.framework in Frameworks */ = {isa = PBXBuildFile; fileRef = FA351E73FB22CF23432D9C9D /* Pods_EasyDelegates.framework */; };
		C94F4BB2220EB2690096F380 /* AppDelegate.swift in Sources */ = {isa = PBXBuildFile; fileRef = C94F4BB1220EB2690096F380 /* AppDelegate.swift */; };
		C94F4BB4220EB2690096F380 /* RootViewController.swift in Sources */ = {isa = PBXBuildFile; fileRef = C94F4BB3220EB2690096F380 /* RootViewController.swift */; };
		C94F4BB6220EB26A0096F380 /* Assets.xcassets in Resources */ = {isa = PBXBuildFile; fileRef = C94F4BB5220EB26A0096F380 /* Assets.xcassets */; };
		C94F4BB9220EB26A0096F380 /* LaunchScreen.storyboard in Resources */ = {isa = PBXBuildFile; fileRef = C94F4BB7220EB26A0096F380 /* LaunchScreen.storyboard */; };
		C94F4BC1220EB2CF0096F380 /* SecondViewController.swift in Sources */ = {isa = PBXBuildFile; fileRef = C94F4BC0220EB2CF0096F380 /* SecondViewController.swift */; };
/* End PBXBuildFile section */

/* Begin PBXFileReference section */
		81A2749E1F6225B822F56030 /* Pods-EasyDelegates.debug.xcconfig */ = {isa = PBXFileReference; includeInIndex = 1; lastKnownFileType = text.xcconfig; name = "Pods-EasyDelegates.debug.xcconfig"; path = "Target Support Files/Pods-EasyDelegates/Pods-EasyDelegates.debug.xcconfig"; sourceTree = "<group>"; };
		B3B54E7CA313DF6889208C59 /* Pods-EasyDelegates.release.xcconfig */ = {isa = PBXFileReference; includeInIndex = 1; lastKnownFileType = text.xcconfig; name = "Pods-EasyDelegates.release.xcconfig"; path = "Target Support Files/Pods-EasyDelegates/Pods-EasyDelegates.release.xcconfig"; sourceTree = "<group>"; };
		C94F4BAE220EB2690096F380 /* EasyDelegates.app */ = {isa = PBXFileReference; explicitFileType = wrapper.application; includeInIndex = 0; path = EasyDelegates.app; sourceTree = BUILT_PRODUCTS_DIR; };
		C94F4BB1220EB2690096F380 /* AppDelegate.swift */ = {isa = PBXFileReference; lastKnownFileType = sourcecode.swift; path = AppDelegate.swift; sourceTree = "<group>"; };
		C94F4BB3220EB2690096F380 /* RootViewController.swift */ = {isa = PBXFileReference; lastKnownFileType = sourcecode.swift; path = RootViewController.swift; sourceTree = "<group>"; };
		C94F4BB5220EB26A0096F380 /* Assets.xcassets */ = {isa = PBXFileReference; lastKnownFileType = folder.assetcatalog; path = Assets.xcassets; sourceTree = "<group>"; };
		C94F4BB8220EB26A0096F380 /* Base */ = {isa = PBXFileReference; lastKnownFileType = file.storyboard; name = Base; path = Base.lproj/LaunchScreen.storyboard; sourceTree = "<group>"; };
		C94F4BBA220EB26A0096F380 /* Info.plist */ = {isa = PBXFileReference; lastKnownFileType = text.plist.xml; path = Info.plist; sourceTree = "<group>"; };
		C94F4BC0220EB2CF0096F380 /* SecondViewController.swift */ = {isa = PBXFileReference; lastKnownFileType = sourcecode.swift; path = SecondViewController.swift; sourceTree = "<group>"; };
		FA351E73FB22CF23432D9C9D /* Pods_EasyDelegates.framework */ = {isa = PBXFileReference; explicitFileType = wrapper.framework; includeInIndex = 0; path = Pods_EasyDelegates.framework; sourceTree = BUILT_PRODUCTS_DIR; };
/* End PBXFileReference section */

/* Begin PBXFrameworksBuildPhase section */
		C94F4BAB220EB2690096F380 /* Frameworks */ = {
			isa = PBXFrameworksBuildPhase;
			buildActionMask = 2147483647;
			files = (
				0BCB5FD354EDFF8F0202FBB4 /* Pods_EasyDelegates.framework in Frameworks */,
			);
			runOnlyForDeploymentPostprocessing = 0;
		};
/* End PBXFrameworksBuildPhase section */

/* Begin PBXGroup section */
		0988A6810841B7D3C583CE67 /* Frameworks */ = {
			isa = PBXGroup;
			children = (
				FA351E73FB22CF23432D9C9D /* Pods_EasyDelegates.framework */,
			);
			name = Frameworks;
			sourceTree = "<group>";
		};
		C94F4BA5220EB2690096F380 = {
			isa = PBXGroup;
			children = (
				C94F4BB0220EB2690096F380 /* EasyDelegates */,
				C94F4BAF220EB2690096F380 /* Products */,
				E00B866281DA29FCC9371DE4 /* Pods */,
				0988A6810841B7D3C583CE67 /* Frameworks */,
			);
			sourceTree = "<group>";
		};
		C94F4BAF220EB2690096F380 /* Products */ = {
			isa = PBXGroup;
			children = (
				C94F4BAE220EB2690096F380 /* EasyDelegates.app */,
			);
			name = Products;
			sourceTree = "<group>";
		};
		C94F4BB0220EB2690096F380 /* EasyDelegates */ = {
			isa = PBXGroup;
			children = (
				C94F4BB1220EB2690096F380 /* AppDelegate.swift */,
				C94F4BB3220EB2690096F380 /* RootViewController.swift */,
				C94F4BC0220EB2CF0096F380 /* SecondViewController.swift */,
				C94F4BB5220EB26A0096F380 /* Assets.xcassets */,
				C94F4BB7220EB26A0096F380 /* LaunchScreen.storyboard */,
				C94F4BBA220EB26A0096F380 /* Info.plist */,
			);
			path = EasyDelegates;
			sourceTree = "<group>";
		};
		E00B866281DA29FCC9371DE4 /* Pods */ = {
			isa = PBXGroup;
			children = (
				81A2749E1F6225B822F56030 /* Pods-EasyDelegates.debug.xcconfig */,
				B3B54E7CA313DF6889208C59 /* Pods-EasyDelegates.release.xcconfig */,
			);
			name = Pods;
			path = Pods;
			sourceTree = "<group>";
		};
/* End PBXGroup section */

/* Begin PBXNativeTarget section */
		C94F4BAD220EB2690096F380 /* EasyDelegates */ = {
			isa = PBXNativeTarget;
			buildConfigurationList = C94F4BBD220EB26A0096F380 /* Build configuration list for PBXNativeTarget "EasyDelegates" */;
			buildPhases = (
				177301E34033C82B3AF673C4 /* [CP] Check Pods Manifest.lock */,
				C94F4BAA220EB2690096F380 /* Sources */,
				C94F4BAB220EB2690096F380 /* Frameworks */,
				C94F4BAC220EB2690096F380 /* Resources */,
				AFDEFD19A76E8C7593F5A30B /* [CP] Embed Pods Frameworks */,
			);
			buildRules = (
			);
			dependencies = (
			);
			name = EasyDelegates;
			productName = EasyDelegates;
			productReference = C94F4BAE220EB2690096F380 /* EasyDelegates.app */;
			productType = "com.apple.product-type.application";
		};
/* End PBXNativeTarget section */

/* Begin PBXProject section */
		C94F4BA6220EB2690096F380 /* Project object */ = {
			isa = PBXProject;
			attributes = {
				LastSwiftUpdateCheck = 1010;
				LastUpgradeCheck = 1010;
				ORGANIZATIONNAME = "Alex Nagy";
				TargetAttributes = {
					C94F4BAD220EB2690096F380 = {
						CreatedOnToolsVersion = 10.1;
					};
				};
			};
			buildConfigurationList = C94F4BA9220EB2690096F380 /* Build configuration list for PBXProject "EasyDelegates" */;
			compatibilityVersion = "Xcode 9.3";
			developmentRegion = en;
			hasScannedForEncodings = 0;
			knownRegions = (
				en,
				Base,
			);
			mainGroup = C94F4BA5220EB2690096F380;
			productRefGroup = C94F4BAF220EB2690096F380 /* Products */;
			projectDirPath = "";
			projectRoot = "";
			targets = (
				C94F4BAD220EB2690096F380 /* EasyDelegates */,
			);
		};
/* End PBXProject section */

/* Begin PBXResourcesBuildPhase section */
		C94F4BAC220EB2690096F380 /* Resources */ = {
			isa = PBXResourcesBuildPhase;
			buildActionMask = 2147483647;
			files = (
				C94F4BB6220EB26A0096F380 /* Assets.xcassets in Resources */,
				C94F4BB9220EB26A0096F380 /* LaunchScreen.storyboard in Resources */,
			);
			runOnlyForDeploymentPostprocessing = 0;
		};
/* End PBXResourcesBuildPhase section */

/* Begin PBXShellScriptBuildPhase section */
		177301E34033C82B3AF673C4 /* [CP] Check Pods Manifest.lock */ = {
			isa = PBXShellScriptBuildPhase;
			buildActionMask = 2147483647;
			files = (
			);
			inputFileListPaths = (
			);
			inputPaths = (
				"${PODS_PODFILE_DIR_PATH}/Podfile.lock",
				"${PODS_ROOT}/Manifest.lock",
			);
			name = "[CP] Check Pods Manifest.lock";
			outputFileListPaths = (
			);
			outputPaths = (
				"$(DERIVED_FILE_DIR)/Pods-EasyDelegates-checkManifestLockResult.txt",
			);
			runOnlyForDeploymentPostprocessing = 0;
			shellPath = /bin/sh;
			shellScript = "diff \"${PODS_PODFILE_DIR_PATH}/Podfile.lock\" \"${PODS_ROOT}/Manifest.lock\" > /dev/null\nif [ $? != 0 ] ; then\n    # print error to STDERR\n    echo \"error: The sandbox is not in sync with the Podfile.lock. Run 'pod install' or update your CocoaPods installation.\" >&2\n    exit 1\nfi\n# This output is used by Xcode 'outputs' to avoid re-running this script phase.\necho \"SUCCESS\" > \"${SCRIPT_OUTPUT_FILE_0}\"\n";
			showEnvVarsInLog = 0;
		};
		AFDEFD19A76E8C7593F5A30B /* [CP] Embed Pods Frameworks */ = {
			isa = PBXShellScriptBuildPhase;
			buildActionMask = 2147483647;
			files = (
			);
			inputFileListPaths = (
			);
			inputPaths = (
				"${PODS_ROOT}/Target Support Files/Pods-EasyDelegates/Pods-EasyDelegates-frameworks.sh",
				"${BUILT_PRODUCTS_DIR}/TinyConstraints/TinyConstraints.framework",
			);
			name = "[CP] Embed Pods Frameworks";
			outputFileListPaths = (
			);
			outputPaths = (
				"${TARGET_BUILD_DIR}/${FRAMEWORKS_FOLDER_PATH}/TinyConstraints.framework",
			);
			runOnlyForDeploymentPostprocessing = 0;
			shellPath = /bin/sh;
			shellScript = "\"${PODS_ROOT}/Target Support Files/Pods-EasyDelegates/Pods-EasyDelegates-frameworks.sh\"\n";
			showEnvVarsInLog = 0;
		};
/* End PBXShellScriptBuildPhase section */

/* Begin PBXSourcesBuildPhase section */
		C94F4BAA220EB2690096F380 /* Sources */ = {
			isa = PBXSourcesBuildPhase;
			buildActionMask = 2147483647;
			files = (
				C94F4BC1220EB2CF0096F380 /* SecondViewController.swift in Sources */,
				C94F4BB4220EB2690096F380 /* RootViewController.swift in Sources */,
				C94F4BB2220EB2690096F380 /* AppDelegate.swift in Sources */,
			);
			runOnlyForDeploymentPostprocessing = 0;
		};
/* End PBXSourcesBuildPhase section */

/* Begin PBXVariantGroup section */
		C94F4BB7220EB26A0096F380 /* LaunchScreen.storyboard */ = {
			isa = PBXVariantGroup;
			children = (
				C94F4BB8220EB26A0096F380 /* Base */,
			);
			name = LaunchScreen.storyboard;
			sourceTree = "<group>";
		};
/* End PBXVariantGroup section */

/* Begin XCBuildConfiguration section */
		C94F4BBB220EB26A0096F380 /* Debug */ = {
			isa = XCBuildConfiguration;
			buildSettings = {
				ALWAYS_SEARCH_USER_PATHS = NO;
				CLANG_ANALYZER_NONNULL = YES;
				CLANG_ANALYZER_NUMBER_OBJECT_CONVERSION = YES_AGGRESSIVE;
				CLANG_CXX_LANGUAGE_STANDARD = "gnu++14";
				CLANG_CXX_LIBRARY = "libc++";
				CLANG_ENABLE_MODULES = YES;
				CLANG_ENABLE_OBJC_ARC = YES;
				CLANG_ENABLE_OBJC_WEAK = YES;
				CLANG_WARN_BLOCK_CAPTURE_AUTORELEASING = YES;
				CLANG_WARN_BOOL_CONVERSION = YES;
				CLANG_WARN_COMMA = YES;
				CLANG_WARN_CONSTANT_CONVERSION = YES;
				CLANG_WARN_DEPRECATED_OBJC_IMPLEMENTATIONS = YES;
				CLANG_WARN_DIRECT_OBJC_ISA_USAGE = YES_ERROR;
				CLANG_WARN_DOCUMENTATION_COMMENTS = YES;
				CLANG_WARN_EMPTY_BODY = YES;
				CLANG_WARN_ENUM_CONVERSION = YES;
				CLANG_WARN_INFINITE_RECURSION = YES;
				CLANG_WARN_INT_CONVERSION = YES;
				CLANG_WARN_NON_LITERAL_NULL_CONVERSION = YES;
				CLANG_WARN_OBJC_IMPLICIT_RETAIN_SELF = YES;
				CLANG_WARN_OBJC_LITERAL_CONVERSION = YES;
				CLANG_WARN_OBJC_ROOT_CLASS = YES_ERROR;
				CLANG_WARN_RANGE_LOOP_ANALYSIS = YES;
				CLANG_WARN_STRICT_PROTOTYPES = YES;
				CLANG_WARN_SUSPICIOUS_MOVE = YES;
				CLANG_WARN_UNGUARDED_AVAILABILITY = YES_AGGRESSIVE;
				CLANG_WARN_UNREACHABLE_CODE = YES;
				CLANG_WARN__DUPLICATE_METHOD_MATCH = YES;
				CODE_SIGN_IDENTITY = "iPhone Developer";
				COPY_PHASE_STRIP = NO;
				DEBUG_INFORMATION_FORMAT = dwarf;
				ENABLE_STRICT_OBJC_MSGSEND = YES;
				ENABLE_TESTABILITY = YES;
				GCC_C_LANGUAGE_STANDARD = gnu11;
				GCC_DYNAMIC_NO_PIC = NO;
				GCC_NO_COMMON_BLOCKS = YES;
				GCC_OPTIMIZATION_LEVEL = 0;
				GCC_PREPROCESSOR_DEFINITIONS = (
					"DEBUG=1",
					"$(inherited)",
				);
				GCC_WARN_64_TO_32_BIT_CONVERSION = YES;
				GCC_WARN_ABOUT_RETURN_TYPE = YES_ERROR;
				GCC_WARN_UNDECLARED_SELECTOR = YES;
				GCC_WARN_UNINITIALIZED_AUTOS = YES_AGGRESSIVE;
				GCC_WARN_UNUSED_FUNCTION = YES;
				GCC_WARN_UNUSED_VARIABLE = YES;
				IPHONEOS_DEPLOYMENT_TARGET = 12.1;
				MTL_ENABLE_DEBUG_INFO = INCLUDE_SOURCE;
				MTL_FAST_MATH = YES;
				ONLY_ACTIVE_ARCH = YES;
				SDKROOT = iphoneos;
				SWIFT_ACTIVE_COMPILATION_CONDITIONS = DEBUG;
				SWIFT_OPTIMIZATION_LEVEL = "-Onone";
			};
			name = Debug;
		};
		C94F4BBC220EB26A0096F380 /* Release */ = {
			isa = XCBuildConfiguration;
			buildSettings = {
				ALWAYS_SEARCH_USER_PATHS = NO;
				CLANG_ANALYZER_NONNULL = YES;
				CLANG_ANALYZER_NUMBER_OBJECT_CONVERSION = YES_AGGRESSIVE;
				CLANG_CXX_LANGUAGE_STANDARD = "gnu++14";
				CLANG_CXX_LIBRARY = "libc++";
				CLANG_ENABLE_MODULES = YES;
				CLANG_ENABLE_OBJC_ARC = YES;
				CLANG_ENABLE_OBJC_WEAK = YES;
				CLANG_WARN_BLOCK_CAPTURE_AUTORELEASING = YES;
				CLANG_WARN_BOOL_CONVERSION = YES;
				CLANG_WARN_COMMA = YES;
				CLANG_WARN_CONSTANT_CONVERSION = YES;
				CLANG_WARN_DEPRECATED_OBJC_IMPLEMENTATIONS = YES;
				CLANG_WARN_DIRECT_OBJC_ISA_USAGE = YES_ERROR;
				CLANG_WARN_DOCUMENTATION_COMMENTS = YES;
				CLANG_WARN_EMPTY_BODY = YES;
				CLANG_WARN_ENUM_CONVERSION = YES;
				CLANG_WARN_INFINITE_RECURSION = YES;
				CLANG_WARN_INT_CONVERSION = YES;
				CLANG_WARN_NON_LITERAL_NULL_CONVERSION = YES;
				CLANG_WARN_OBJC_IMPLICIT_RETAIN_SELF = YES;
				CLANG_WARN_OBJC_LITERAL_CONVERSION = YES;
				CLANG_WARN_OBJC_ROOT_CLASS = YES_ERROR;
				CLANG_WARN_RANGE_LOOP_ANALYSIS = YES;
				CLANG_WARN_STRICT_PROTOTYPES = YES;
				CLANG_WARN_SUSPICIOUS_MOVE = YES;
				CLANG_WARN_UNGUARDED_AVAILABILITY = YES_AGGRESSIVE;
				CLANG_WARN_UNREACHABLE_CODE = YES;
				CLANG_WARN__DUPLICATE_METHOD_MATCH = YES;
				CODE_SIGN_IDENTITY = "iPhone Developer";
				COPY_PHASE_STRIP = NO;
				DEBUG_INFORMATION_FORMAT = "dwarf-with-dsym";
				ENABLE_NS_ASSERTIONS = NO;
				ENABLE_STRICT_OBJC_MSGSEND = YES;
				GCC_C_LANGUAGE_STANDARD = gnu11;
				GCC_NO_COMMON_BLOCKS = YES;
				GCC_WARN_64_TO_32_BIT_CONVERSION = YES;
				GCC_WARN_ABOUT_RETURN_TYPE = YES_ERROR;
				GCC_WARN_UNDECLARED_SELECTOR = YES;
				GCC_WARN_UNINITIALIZED_AUTOS = YES_AGGRESSIVE;
				GCC_WARN_UNUSED_FUNCTION = YES;
				GCC_WARN_UNUSED_VARIABLE = YES;
				IPHONEOS_DEPLOYMENT_TARGET = 12.1;
				MTL_ENABLE_DEBUG_INFO = NO;
				MTL_FAST_MATH = YES;
				SDKROOT = iphoneos;
				SWIFT_COMPILATION_MODE = wholemodule;
				SWIFT_OPTIMIZATION_LEVEL = "-O";
				VALIDATE_PRODUCT = YES;
			};
			name = Release;
		};
		C94F4BBE220EB26A0096F380 /* Debug */ = {
			isa = XCBuildConfiguration;
			baseConfigurationReference = 81A2749E1F6225B822F56030 /* Pods-EasyDelegates.debug.xcconfig */;
			buildSettings = {
				ASSETCATALOG_COMPILER_APPICON_NAME = AppIcon;
				CODE_SIGN_STYLE = Automatic;
				DEVELOPMENT_TEAM = R252PR8AVU;
				INFOPLIST_FILE = EasyDelegates/Info.plist;
				LD_RUNPATH_SEARCH_PATHS = (
					"$(inherited)",
					"@executable_path/Frameworks",
				);
				PRODUCT_BUNDLE_IDENTIFIER = com.Rebeloper.EasyDelegates;
				PRODUCT_NAME = "$(TARGET_NAME)";
				SWIFT_VERSION = 4.2;
				TARGETED_DEVICE_FAMILY = "1,2";
			};
			name = Debug;
		};
		C94F4BBF220EB26A0096F380 /* Release */ = {
			isa = XCBuildConfiguration;
			baseConfigurationReference = B3B54E7CA313DF6889208C59 /* Pods-EasyDelegates.release.xcconfig */;
			buildSettings = {
				ASSETCATALOG_COMPILER_APPICON_NAME = AppIcon;
				CODE_SIGN_STYLE = Automatic;
				DEVELOPMENT_TEAM = R252PR8AVU;
				INFOPLIST_FILE = EasyDelegates/Info.plist;
				LD_RUNPATH_SEARCH_PATHS = (
					"$(inherited)",
					"@executable_path/Frameworks",
				);
				PRODUCT_BUNDLE_IDENTIFIER = com.Rebeloper.EasyDelegates;
				PRODUCT_NAME = "$(TARGET_NAME)";
				SWIFT_VERSION = 4.2;
				TARGETED_DEVICE_FAMILY = "1,2";
			};
			name = Release;
		};
/* End XCBuildConfiguration section */

/* Begin XCConfigurationList section */
		C94F4BA9220EB2690096F380 /* Build configuration list for PBXProject "EasyDelegates" */ = {
			isa = XCConfigurationList;
			buildConfigurations = (
				C94F4BBB220EB26A0096F380 /* Debug */,
				C94F4BBC220EB26A0096F380 /* Release */,
			);
			defaultConfigurationIsVisible = 0;
			defaultConfigurationName = Release;
		};
		C94F4BBD220EB26A0096F380 /* Build configuration list for PBXNativeTarget "EasyDelegates" */ = {
			isa = XCConfigurationList;
			buildConfigurations = (
				C94F4BBE220EB26A0096F380 /* Debug */,
				C94F4BBF220EB26A0096F380 /* Release */,
			);
			defaultConfigurationIsVisible = 0;
			defaultConfigurationName = Release;
		};
/* End XCConfigurationList section */
	};
	rootObject = C94F4BA6220EB2690096F380 /* Project object */;
}
